
Microsoft Visual Studio Solution File, Format Version 12.00
# Visual Studio Version 16
VisualStudioVersion = 16.0.30523.141
MinimumVisualStudioVersion = 10.0.40219.1
Project("{FAE04EC0-301F-11D3-BF4B-00C04F79EFBC}") = "KES_Task_01", "KES_Task_01\KES_Task_01.csproj", "{37C2F0C1-76DD-4068-92AC-4F7C2C83F1A3}"
EndProject
Project("{FAE04EC0-301F-11D3-BF4B-00C04F79EFBC}") = "KES_Task_02", "KES_Task_02\KES_Task_02.csproj", "{9F1527BE-1B4E-44ED-9E31-12C82F6BD256}"
EndProject
Project("{FAE04EC0-301F-11D3-BF4B-00C04F79EFBC}") = "KES_Task_03", "KES_Task_03\KES_Task_03.csproj", "{4E3A3607-545A-4BDC-BE3C-3130375C1DA2}"
EndProject
Project("{FAE04EC0-301F-11D3-BF4B-00C04F79EFBC}") = "KES_Task_04", "KES_Task_04\KES_Task_04.csproj", "{C6BB5315-A5FA-4A99-9160-38EB34E48FC9}"
EndProject
Project("{FAE04EC0-301F-11D3-BF4B-00C04F79EFBC}") = "KES_Task_05", "KES_Task_05\KES_Task_05.csproj", "{B41EFC2D-64EB-4151-8D9D-655399714AE2}"
EndProject
Global
	GlobalSection(SolutionConfigurationPlatforms) = preSolution
		Debug|Any CPU = Debug|Any CPU
		Release|Any CPU = Release|Any CPU
	EndGlobalSection
	GlobalSection(ProjectConfigurationPlatforms) = postSolution
		{37C2F0C1-76DD-4068-92AC-4F7C2C83F1A3}.Debug|Any CPU.ActiveCfg = Debug|Any CPU
		{37C2F0C1-76DD-4068-92AC-4F7C2C83F1A3}.Debug|Any CPU.Build.0 = Debug|Any CPU
		{37C2F0C1-76DD-4068-92AC-4F7C2C83F1A3}.Release|Any CPU.ActiveCfg = Release|Any CPU
		{37C2F0C1-76DD-4068-92AC-4F7C2C83F1A3}.Release|Any CPU.Build.0 = Release|Any CPU
		{9F1527BE-1B4E-44ED-9E31-12C82F6BD256}.Debug|Any CPU.ActiveCfg = Debug|Any CPU
		{9F1527BE-1B4E-44ED-9E31-12C82F6BD256}.Debug|Any CPU.Build.0 = Debug|Any CPU
		{9F1527BE-1B4E-44ED-9E31-12C82F6BD256}.Release|Any CPU.ActiveCfg = Release|Any CPU
		{9F1527BE-1B4E-44ED-9E31-12C82F6BD256}.Release|Any CPU.Build.0 = Release|Any CPU
		{4E3A3607-545A-4BDC-BE3C-3130375C1DA2}.Debug|Any CPU.ActiveCfg = Debug|Any CPU
		{4E3A3607-545A-4BDC-BE3C-3130375C1DA2}.Debug|Any CPU.Build.0 = Debug|Any CPU
		{4E3A3607-545A-4BDC-BE3C-3130375C1DA2}.Release|Any CPU.ActiveCfg = Release|Any CPU
		{4E3A3607-545A-4BDC-BE3C-3130375C1DA2}.Release|Any CPU.Build.0 = Release|Any CPU
		{C6BB5315-A5FA-4A99-9160-38EB34E48FC9}.Debug|Any CPU.ActiveCfg = Debug|Any CPU
		{C6BB5315-A5FA-4A99-9160-38EB34E48FC9}.Debug|Any CPU.Build.0 = Debug|Any CPU
		{C6BB5315-A5FA-4A99-9160-38EB34E48FC9}.Release|Any CPU.ActiveCfg = Release|Any CPU
		{C6BB5315-A5FA-4A99-9160-38EB34E48FC9}.Release|Any CPU.Build.0 = Release|Any CPU
		{B41EFC2D-64EB-4151-8D9D-655399714AE2}.Debug|Any CPU.ActiveCfg = Debug|Any CPU
		{B41EFC2D-64EB-4151-8D9D-655399714AE2}.Debug|Any CPU.Build.0 = Debug|Any CPU
		{B41EFC2D-64EB-4151-8D9D-655399714AE2}.Release|Any CPU.ActiveCfg = Release|Any CPU
		{B41EFC2D-64EB-4151-8D9D-655399714AE2}.Release|Any CPU.Build.0 = Release|Any CPU
	EndGlobalSection
	GlobalSection(SolutionProperties) = preSolution
		HideSolutionNode = FALSE
	EndGlobalSection
	GlobalSection(ExtensibilityGlobals) = postSolution
		SolutionGuid = {E53ACBB2-1DFF-4180-B0AF-B57A48AB053C}
	EndGlobalSection
EndGlobal
